
Microsoft Visual Studio Solution File, Format Version 12.00
# Visual Studio Version 17
VisualStudioVersion = 17.13.35818.85 d17.13
MinimumVisualStudioVersion = 10.0.40219.1
Project("{FAE04EC0-301F-11D3-BF4B-00C04F79EFBC}") = "LikeLion1", "LikeLion1\LikeLion1.csproj", "{44306725-5E18-4003-BF60-5961A12EF2C1}"
EndProject
Global
	GlobalSection(SolutionConfigurationPlatforms) = preSolution
		Debug|Any CPU = Debug|Any CPU
		Release|Any CPU = Release|Any CPU
	EndGlobalSection
	GlobalSection(ProjectConfigurationPlatforms) = postSolution
		{44306725-5E18-4003-BF60-5961A12EF2C1}.Debug|Any CPU.ActiveCfg = Debug|Any CPU
		{44306725-5E18-4003-BF60-5961A12EF2C1}.Debug|Any CPU.Build.0 = Debug|Any CPU
		{44306725-5E18-4003-BF60-5961A12EF2C1}.Release|Any CPU.ActiveCfg = Release|Any CPU
		{44306725-5E18-4003-BF60-5961A12EF2C1}.Release|Any CPU.Build.0 = Release|Any CPU
	EndGlobalSection
	GlobalSection(SolutionProperties) = preSolution
		HideSolutionNode = FALSE
	EndGlobalSection
	GlobalSection(ExtensibilityGlobals) = postSolution
		SolutionGuid = {24E4E5EE-9C55-4A7E-BFCA-65006E14B16F}
	EndGlobalSection
EndGlobal
