
Microsoft Visual Studio Solution File, Format Version 12.00
# Visual Studio Version 17
VisualStudioVersion = 17.13.35818.85 d17.13
MinimumVisualStudioVersion = 10.0.40219.1
Project("{FAE04EC0-301F-11D3-BF4B-00C04F79EFBC}") = "DAY9_2", "DAY9_2\DAY9_2.csproj", "{13279247-36CF-4B19-826E-33DB31DF0999}"
EndProject
Global
	GlobalSection(SolutionConfigurationPlatforms) = preSolution
		Debug|Any CPU = Debug|Any CPU
		Release|Any CPU = Release|Any CPU
	EndGlobalSection
	GlobalSection(ProjectConfigurationPlatforms) = postSolution
		{13279247-36CF-4B19-826E-33DB31DF0999}.Debug|Any CPU.ActiveCfg = Debug|Any CPU
		{13279247-36CF-4B19-826E-33DB31DF0999}.Debug|Any CPU.Build.0 = Debug|Any CPU
		{13279247-36CF-4B19-826E-33DB31DF0999}.Release|Any CPU.ActiveCfg = Release|Any CPU
		{13279247-36CF-4B19-826E-33DB31DF0999}.Release|Any CPU.Build.0 = Release|Any CPU
	EndGlobalSection
	GlobalSection(SolutionProperties) = preSolution
		HideSolutionNode = FALSE
	EndGlobalSection
	GlobalSection(ExtensibilityGlobals) = postSolution
		SolutionGuid = {2C1E6B31-2CDB-4FAB-B968-5A8C967934B9}
	EndGlobalSection
EndGlobal
