
Microsoft Visual Studio Solution File, Format Version 12.00
# Visual Studio Version 17
VisualStudioVersion = 17.13.35818.85 d17.13
MinimumVisualStudioVersion = 10.0.40219.1
Project("{FAE04EC0-301F-11D3-BF4B-00C04F79EFBC}") = "studdy4", "studdy4\studdy4.csproj", "{3F7F6BF2-3CC3-438C-B68C-F034B6B2B599}"
EndProject
Global
	GlobalSection(SolutionConfigurationPlatforms) = preSolution
		Debug|Any CPU = Debug|Any CPU
		Release|Any CPU = Release|Any CPU
	EndGlobalSection
	GlobalSection(ProjectConfigurationPlatforms) = postSolution
		{3F7F6BF2-3CC3-438C-B68C-F034B6B2B599}.Debug|Any CPU.ActiveCfg = Debug|Any CPU
		{3F7F6BF2-3CC3-438C-B68C-F034B6B2B599}.Debug|Any CPU.Build.0 = Debug|Any CPU
		{3F7F6BF2-3CC3-438C-B68C-F034B6B2B599}.Release|Any CPU.ActiveCfg = Release|Any CPU
		{3F7F6BF2-3CC3-438C-B68C-F034B6B2B599}.Release|Any CPU.Build.0 = Release|Any CPU
	EndGlobalSection
	GlobalSection(SolutionProperties) = preSolution
		HideSolutionNode = FALSE
	EndGlobalSection
	GlobalSection(ExtensibilityGlobals) = postSolution
		SolutionGuid = {C11F1105-5E5B-4AA7-A9ED-3319D4499444}
	EndGlobalSection
EndGlobal
