
Microsoft Visual Studio Solution File, Format Version 12.00
# Visual Studio Version 17
VisualStudioVersion = 17.13.35818.85 d17.13
MinimumVisualStudioVersion = 10.0.40219.1
Project("{FAE04EC0-301F-11D3-BF4B-00C04F79EFBC}") = "Loading", "Loading\Loading.csproj", "{D3D31F4B-9481-457B-BECE-E3CE641082F3}"
EndProject
Global
	GlobalSection(SolutionConfigurationPlatforms) = preSolution
		Debug|Any CPU = Debug|Any CPU
		Release|Any CPU = Release|Any CPU
	EndGlobalSection
	GlobalSection(ProjectConfigurationPlatforms) = postSolution
		{D3D31F4B-9481-457B-BECE-E3CE641082F3}.Debug|Any CPU.ActiveCfg = Debug|Any CPU
		{D3D31F4B-9481-457B-BECE-E3CE641082F3}.Debug|Any CPU.Build.0 = Debug|Any CPU
		{D3D31F4B-9481-457B-BECE-E3CE641082F3}.Release|Any CPU.ActiveCfg = Release|Any CPU
		{D3D31F4B-9481-457B-BECE-E3CE641082F3}.Release|Any CPU.Build.0 = Release|Any CPU
	EndGlobalSection
	GlobalSection(SolutionProperties) = preSolution
		HideSolutionNode = FALSE
	EndGlobalSection
	GlobalSection(ExtensibilityGlobals) = postSolution
		SolutionGuid = {A3CB3EDB-9C63-42EB-9D2E-5387E8DB123B}
	EndGlobalSection
EndGlobal
