
Microsoft Visual Studio Solution File, Format Version 12.00
# Visual Studio Version 17
VisualStudioVersion = 17.13.35818.85 d17.13
MinimumVisualStudioVersion = 10.0.40219.1
Project("{FAE04EC0-301F-11D3-BF4B-00C04F79EFBC}") = "DAY10_TEXTRPG", "DAY10_TEXTRPG\DAY10_TEXTRPG.csproj", "{0755C27A-87D5-494C-8603-A0FB062D0EA7}"
EndProject
Global
	GlobalSection(SolutionConfigurationPlatforms) = preSolution
		Debug|Any CPU = Debug|Any CPU
		Release|Any CPU = Release|Any CPU
	EndGlobalSection
	GlobalSection(ProjectConfigurationPlatforms) = postSolution
		{0755C27A-87D5-494C-8603-A0FB062D0EA7}.Debug|Any CPU.ActiveCfg = Debug|Any CPU
		{0755C27A-87D5-494C-8603-A0FB062D0EA7}.Debug|Any CPU.Build.0 = Debug|Any CPU
		{0755C27A-87D5-494C-8603-A0FB062D0EA7}.Release|Any CPU.ActiveCfg = Release|Any CPU
		{0755C27A-87D5-494C-8603-A0FB062D0EA7}.Release|Any CPU.Build.0 = Release|Any CPU
	EndGlobalSection
	GlobalSection(SolutionProperties) = preSolution
		HideSolutionNode = FALSE
	EndGlobalSection
	GlobalSection(ExtensibilityGlobals) = postSolution
		SolutionGuid = {64ABC0AA-DADA-400C-829D-428CEE32923C}
	EndGlobalSection
EndGlobal
