
Microsoft Visual Studio Solution File, Format Version 12.00
# Visual Studio Version 17
VisualStudioVersion = 17.13.35818.85 d17.13
MinimumVisualStudioVersion = 10.0.40219.1
Project("{FAE04EC0-301F-11D3-BF4B-00C04F79EFBC}") = "DAY9_4", "DAY9_4\DAY9_4.csproj", "{1AC276F6-A3B0-4B17-9885-0EB87476083E}"
EndProject
Global
	GlobalSection(SolutionConfigurationPlatforms) = preSolution
		Debug|Any CPU = Debug|Any CPU
		Release|Any CPU = Release|Any CPU
	EndGlobalSection
	GlobalSection(ProjectConfigurationPlatforms) = postSolution
		{1AC276F6-A3B0-4B17-9885-0EB87476083E}.Debug|Any CPU.ActiveCfg = Debug|Any CPU
		{1AC276F6-A3B0-4B17-9885-0EB87476083E}.Debug|Any CPU.Build.0 = Debug|Any CPU
		{1AC276F6-A3B0-4B17-9885-0EB87476083E}.Release|Any CPU.ActiveCfg = Release|Any CPU
		{1AC276F6-A3B0-4B17-9885-0EB87476083E}.Release|Any CPU.Build.0 = Release|Any CPU
	EndGlobalSection
	GlobalSection(SolutionProperties) = preSolution
		HideSolutionNode = FALSE
	EndGlobalSection
	GlobalSection(ExtensibilityGlobals) = postSolution
		SolutionGuid = {4F5E572A-75BF-4DF1-84CA-FD7DDAE2C913}
	EndGlobalSection
EndGlobal
