
Microsoft Visual Studio Solution File, Format Version 12.00
# Visual Studio Version 17
VisualStudioVersion = 17.13.35818.85 d17.13
MinimumVisualStudioVersion = 10.0.40219.1
Project("{FAE04EC0-301F-11D3-BF4B-00C04F79EFBC}") = "DAY6_5", "DAY6_5\DAY6_5.csproj", "{8D3F9FD4-9A39-4EAF-96FD-40464CEA2193}"
EndProject
Global
	GlobalSection(SolutionConfigurationPlatforms) = preSolution
		Debug|Any CPU = Debug|Any CPU
		Release|Any CPU = Release|Any CPU
	EndGlobalSection
	GlobalSection(ProjectConfigurationPlatforms) = postSolution
		{8D3F9FD4-9A39-4EAF-96FD-40464CEA2193}.Debug|Any CPU.ActiveCfg = Debug|Any CPU
		{8D3F9FD4-9A39-4EAF-96FD-40464CEA2193}.Debug|Any CPU.Build.0 = Debug|Any CPU
		{8D3F9FD4-9A39-4EAF-96FD-40464CEA2193}.Release|Any CPU.ActiveCfg = Release|Any CPU
		{8D3F9FD4-9A39-4EAF-96FD-40464CEA2193}.Release|Any CPU.Build.0 = Release|Any CPU
	EndGlobalSection
	GlobalSection(SolutionProperties) = preSolution
		HideSolutionNode = FALSE
	EndGlobalSection
	GlobalSection(ExtensibilityGlobals) = postSolution
		SolutionGuid = {BCB4F295-D4D0-4866-B379-DC3D223A2A35}
	EndGlobalSection
EndGlobal
