
Microsoft Visual Studio Solution File, Format Version 12.00
# Visual Studio Version 17
VisualStudioVersion = 17.13.35818.85 d17.13
MinimumVisualStudioVersion = 10.0.40219.1
Project("{FAE04EC0-301F-11D3-BF4B-00C04F79EFBC}") = "DAY10_2", "DAY10_2\DAY10_2.csproj", "{EF3D7F49-81DB-4F27-82CB-9DFAD07B770F}"
EndProject
Global
	GlobalSection(SolutionConfigurationPlatforms) = preSolution
		Debug|Any CPU = Debug|Any CPU
		Release|Any CPU = Release|Any CPU
	EndGlobalSection
	GlobalSection(ProjectConfigurationPlatforms) = postSolution
		{EF3D7F49-81DB-4F27-82CB-9DFAD07B770F}.Debug|Any CPU.ActiveCfg = Debug|Any CPU
		{EF3D7F49-81DB-4F27-82CB-9DFAD07B770F}.Debug|Any CPU.Build.0 = Debug|Any CPU
		{EF3D7F49-81DB-4F27-82CB-9DFAD07B770F}.Release|Any CPU.ActiveCfg = Release|Any CPU
		{EF3D7F49-81DB-4F27-82CB-9DFAD07B770F}.Release|Any CPU.Build.0 = Release|Any CPU
	EndGlobalSection
	GlobalSection(SolutionProperties) = preSolution
		HideSolutionNode = FALSE
	EndGlobalSection
	GlobalSection(ExtensibilityGlobals) = postSolution
		SolutionGuid = {AE22397B-ADCF-4BAD-A5F5-D10B76385A89}
	EndGlobalSection
EndGlobal
