
Microsoft Visual Studio Solution File, Format Version 12.00
# Visual Studio Version 17
VisualStudioVersion = 17.13.35818.85 d17.13
MinimumVisualStudioVersion = 10.0.40219.1
Project("{FAE04EC0-301F-11D3-BF4B-00C04F79EFBC}") = "ConsoleApp1", "ConsoleApp1\ConsoleApp1.csproj", "{37878AE6-FB4C-424F-9EFC-B1A13BD03FA7}"
EndProject
Global
	GlobalSection(SolutionConfigurationPlatforms) = preSolution
		Debug|Any CPU = Debug|Any CPU
		Release|Any CPU = Release|Any CPU
	EndGlobalSection
	GlobalSection(ProjectConfigurationPlatforms) = postSolution
		{37878AE6-FB4C-424F-9EFC-B1A13BD03FA7}.Debug|Any CPU.ActiveCfg = Debug|Any CPU
		{37878AE6-FB4C-424F-9EFC-B1A13BD03FA7}.Debug|Any CPU.Build.0 = Debug|Any CPU
		{37878AE6-FB4C-424F-9EFC-B1A13BD03FA7}.Release|Any CPU.ActiveCfg = Release|Any CPU
		{37878AE6-FB4C-424F-9EFC-B1A13BD03FA7}.Release|Any CPU.Build.0 = Release|Any CPU
	EndGlobalSection
	GlobalSection(SolutionProperties) = preSolution
		HideSolutionNode = FALSE
	EndGlobalSection
	GlobalSection(ExtensibilityGlobals) = postSolution
		SolutionGuid = {A72F200A-F53C-46EF-9CD0-0D4EB54AABCA}
	EndGlobalSection
EndGlobal
