
Microsoft Visual Studio Solution File, Format Version 12.00
# Visual Studio Version 17
VisualStudioVersion = 17.13.35818.85 d17.13
MinimumVisualStudioVersion = 10.0.40219.1
Project("{FAE04EC0-301F-11D3-BF4B-00C04F79EFBC}") = "study3", "study3\study3.csproj", "{A837BA68-EE83-4471-B08A-D8C2E358D11E}"
EndProject
Global
	GlobalSection(SolutionConfigurationPlatforms) = preSolution
		Debug|Any CPU = Debug|Any CPU
		Release|Any CPU = Release|Any CPU
	EndGlobalSection
	GlobalSection(ProjectConfigurationPlatforms) = postSolution
		{A837BA68-EE83-4471-B08A-D8C2E358D11E}.Debug|Any CPU.ActiveCfg = Debug|Any CPU
		{A837BA68-EE83-4471-B08A-D8C2E358D11E}.Debug|Any CPU.Build.0 = Debug|Any CPU
		{A837BA68-EE83-4471-B08A-D8C2E358D11E}.Release|Any CPU.ActiveCfg = Release|Any CPU
		{A837BA68-EE83-4471-B08A-D8C2E358D11E}.Release|Any CPU.Build.0 = Release|Any CPU
	EndGlobalSection
	GlobalSection(SolutionProperties) = preSolution
		HideSolutionNode = FALSE
	EndGlobalSection
	GlobalSection(ExtensibilityGlobals) = postSolution
		SolutionGuid = {A80D07B7-EA15-49D8-8593-7130CE58543D}
	EndGlobalSection
EndGlobal
