
Microsoft Visual Studio Solution File, Format Version 12.00
# Visual Studio Version 17
VisualStudioVersion = 17.13.35818.85 d17.13
MinimumVisualStudioVersion = 10.0.40219.1
Project("{FAE04EC0-301F-11D3-BF4B-00C04F79EFBC}") = "DAY10_TASK", "DAY10_TASK\DAY10_TASK.csproj", "{D3CF1BC3-6902-457F-88DC-0BB008AD8746}"
EndProject
Global
	GlobalSection(SolutionConfigurationPlatforms) = preSolution
		Debug|Any CPU = Debug|Any CPU
		Release|Any CPU = Release|Any CPU
	EndGlobalSection
	GlobalSection(ProjectConfigurationPlatforms) = postSolution
		{D3CF1BC3-6902-457F-88DC-0BB008AD8746}.Debug|Any CPU.ActiveCfg = Debug|Any CPU
		{D3CF1BC3-6902-457F-88DC-0BB008AD8746}.Debug|Any CPU.Build.0 = Debug|Any CPU
		{D3CF1BC3-6902-457F-88DC-0BB008AD8746}.Release|Any CPU.ActiveCfg = Release|Any CPU
		{D3CF1BC3-6902-457F-88DC-0BB008AD8746}.Release|Any CPU.Build.0 = Release|Any CPU
	EndGlobalSection
	GlobalSection(SolutionProperties) = preSolution
		HideSolutionNode = FALSE
	EndGlobalSection
	GlobalSection(ExtensibilityGlobals) = postSolution
		SolutionGuid = {3FF5778E-2195-4A72-A16D-01C262116AAC}
	EndGlobalSection
EndGlobal
