
Microsoft Visual Studio Solution File, Format Version 12.00
# Visual Studio Version 17
VisualStudioVersion = 17.13.35818.85 d17.13
MinimumVisualStudioVersion = 10.0.40219.1
Project("{FAE04EC0-301F-11D3-BF4B-00C04F79EFBC}") = "TodayTask1", "TodayTask1\TodayTask1.csproj", "{5CBC92BA-B152-4B37-935F-7E095FB45853}"
EndProject
Global
	GlobalSection(SolutionConfigurationPlatforms) = preSolution
		Debug|Any CPU = Debug|Any CPU
		Release|Any CPU = Release|Any CPU
	EndGlobalSection
	GlobalSection(ProjectConfigurationPlatforms) = postSolution
		{5CBC92BA-B152-4B37-935F-7E095FB45853}.Debug|Any CPU.ActiveCfg = Debug|Any CPU
		{5CBC92BA-B152-4B37-935F-7E095FB45853}.Debug|Any CPU.Build.0 = Debug|Any CPU
		{5CBC92BA-B152-4B37-935F-7E095FB45853}.Release|Any CPU.ActiveCfg = Release|Any CPU
		{5CBC92BA-B152-4B37-935F-7E095FB45853}.Release|Any CPU.Build.0 = Release|Any CPU
	EndGlobalSection
	GlobalSection(SolutionProperties) = preSolution
		HideSolutionNode = FALSE
	EndGlobalSection
	GlobalSection(ExtensibilityGlobals) = postSolution
		SolutionGuid = {4BC8D9DA-D42D-42F4-808C-25EAD939F723}
	EndGlobalSection
EndGlobal
