
Microsoft Visual Studio Solution File, Format Version 12.00
# Visual Studio Version 17
VisualStudioVersion = 17.13.35818.85 d17.13
MinimumVisualStudioVersion = 10.0.40219.1
Project("{FAE04EC0-301F-11D3-BF4B-00C04F79EFBC}") = "DAY6_6", "DAY6_6\DAY6_6.csproj", "{B58BADB4-35A4-4893-86F0-98EDEC64C16B}"
EndProject
Global
	GlobalSection(SolutionConfigurationPlatforms) = preSolution
		Debug|Any CPU = Debug|Any CPU
		Release|Any CPU = Release|Any CPU
	EndGlobalSection
	GlobalSection(ProjectConfigurationPlatforms) = postSolution
		{B58BADB4-35A4-4893-86F0-98EDEC64C16B}.Debug|Any CPU.ActiveCfg = Debug|Any CPU
		{B58BADB4-35A4-4893-86F0-98EDEC64C16B}.Debug|Any CPU.Build.0 = Debug|Any CPU
		{B58BADB4-35A4-4893-86F0-98EDEC64C16B}.Release|Any CPU.ActiveCfg = Release|Any CPU
		{B58BADB4-35A4-4893-86F0-98EDEC64C16B}.Release|Any CPU.Build.0 = Release|Any CPU
	EndGlobalSection
	GlobalSection(SolutionProperties) = preSolution
		HideSolutionNode = FALSE
	EndGlobalSection
	GlobalSection(ExtensibilityGlobals) = postSolution
		SolutionGuid = {8E6B86CC-C980-412D-8470-5A06CDB90CEA}
	EndGlobalSection
EndGlobal
