
Microsoft Visual Studio Solution File, Format Version 12.00
# Visual Studio Version 17
VisualStudioVersion = 17.13.35818.85 d17.13
MinimumVisualStudioVersion = 10.0.40219.1
Project("{FAE04EC0-301F-11D3-BF4B-00C04F79EFBC}") = "DAY7_3", "DAY7_3\DAY7_3.csproj", "{239B03E0-F48B-4950-807D-ACCDF4301460}"
EndProject
Global
	GlobalSection(SolutionConfigurationPlatforms) = preSolution
		Debug|Any CPU = Debug|Any CPU
		Release|Any CPU = Release|Any CPU
	EndGlobalSection
	GlobalSection(ProjectConfigurationPlatforms) = postSolution
		{239B03E0-F48B-4950-807D-ACCDF4301460}.Debug|Any CPU.ActiveCfg = Debug|Any CPU
		{239B03E0-F48B-4950-807D-ACCDF4301460}.Debug|Any CPU.Build.0 = Debug|Any CPU
		{239B03E0-F48B-4950-807D-ACCDF4301460}.Release|Any CPU.ActiveCfg = Release|Any CPU
		{239B03E0-F48B-4950-807D-ACCDF4301460}.Release|Any CPU.Build.0 = Release|Any CPU
	EndGlobalSection
	GlobalSection(SolutionProperties) = preSolution
		HideSolutionNode = FALSE
	EndGlobalSection
	GlobalSection(ExtensibilityGlobals) = postSolution
		SolutionGuid = {8DEDE402-8FC4-47EB-B1DF-1A7155ECFE61}
	EndGlobalSection
EndGlobal
